
Microsoft Visual Studio Solution File, Format Version 12.00
# Visual Studio Version 17
VisualStudioVersion = 17.11.35327.3
MinimumVisualStudioVersion = 10.0.40219.1
Project("{FAE04EC0-301F-11D3-BF4B-00C04F79EFBC}") = "Animal_Sounds", "Animal_Sounds\Animal_Sounds.csproj", "{B3222684-97B0-4B74-9229-84C99A1A7DAF}"
EndProject
Global
	GlobalSection(SolutionConfigurationPlatforms) = preSolution
		Debug|Any CPU = Debug|Any CPU
		Release|Any CPU = Release|Any CPU
	EndGlobalSection
	GlobalSection(ProjectConfigurationPlatforms) = postSolution
		{B3222684-97B0-4B74-9229-84C99A1A7DAF}.Debug|Any CPU.ActiveCfg = Debug|Any CPU
		{B3222684-97B0-4B74-9229-84C99A1A7DAF}.Debug|Any CPU.Build.0 = Debug|Any CPU
		{B3222684-97B0-4B74-9229-84C99A1A7DAF}.Release|Any CPU.ActiveCfg = Release|Any CPU
		{B3222684-97B0-4B74-9229-84C99A1A7DAF}.Release|Any CPU.Build.0 = Release|Any CPU
	EndGlobalSection
	GlobalSection(SolutionProperties) = preSolution
		HideSolutionNode = FALSE
	EndGlobalSection
	GlobalSection(ExtensibilityGlobals) = postSolution
		SolutionGuid = {B905C189-43A8-4EF5-A936-4C2360CE9BBE}
	EndGlobalSection
EndGlobal
